// !$*UTF8*$!
{
	archiveVersion = 1;
	classes = {
	};
	objectVersion = 48;
	objects = {

/* Begin PBXBuildFile section */
		8EA72D9720723034005115A3 /* AppDelegate.swift in Sources */ = {isa = PBXBuildFile; fileRef = 8EA72D9620723034005115A3 /* AppDelegate.swift */; };
		8EA72D9E20723034005115A3 /* Assets.xcassets in Resources */ = {isa = PBXBuildFile; fileRef = 8EA72D9D20723034005115A3 /* Assets.xcassets */; };
		8EA72DA120723034005115A3 /* LaunchScreen.storyboard in Resources */ = {isa = PBXBuildFile; fileRef = 8EA72D9F20723034005115A3 /* LaunchScreen.storyboard */; };
		8EA72E0520723148005115A3 /* LoginViewController.swift in Sources */ = {isa = PBXBuildFile; fileRef = 8EA72E0420723148005115A3 /* LoginViewController.swift */; };
		8EA72E072072314E005115A3 /* OpportunitiesViewController.swift in Sources */ = {isa = PBXBuildFile; fileRef = 8EA72E062072314E005115A3 /* OpportunitiesViewController.swift */; };
		8EA72E0920723161005115A3 /* Main.storyboard in Resources */ = {isa = PBXBuildFile; fileRef = 8EA72E0820723161005115A3 /* Main.storyboard */; };
		8EA72E9F20723922005115A3 /* ProgressHUD.m in Sources */ = {isa = PBXBuildFile; fileRef = 8EA72E9D20723922005115A3 /* ProgressHUD.m */; };
		8EA72EAA2072398E005115A3 /* SFRestAPIPromisesPresets.swift in Sources */ = {isa = PBXBuildFile; fileRef = 8EA72EA42072398E005115A3 /* SFRestAPIPromisesPresets.swift */; };
		8EA72EAB2072398E005115A3 /* CMDocument.swift in Sources */ = {isa = PBXBuildFile; fileRef = 8EA72EA62072398E005115A3 /* CMDocument.swift */; };
		8EA72EAC2072398E005115A3 /* CMOpportunity.swift in Sources */ = {isa = PBXBuildFile; fileRef = 8EA72EA72072398E005115A3 /* CMOpportunity.swift */; };
		8EA72EAD2072398E005115A3 /* CMAccount.swift in Sources */ = {isa = PBXBuildFile; fileRef = 8EA72EA82072398E005115A3 /* CMAccount.swift */; };
		8EA72EAE2072398E005115A3 /* SFRestAPIExtension.swift in Sources */ = {isa = PBXBuildFile; fileRef = 8EA72EA92072398E005115A3 /* SFRestAPIExtension.swift */; };
		8EA72EBB207241AA005115A3 /* salesforce_certifcate.cer in Resources */ = {isa = PBXBuildFile; fileRef = 8EA72EA120723940005115A3 /* salesforce_certifcate.cer */; };
		BFCC9D6961F36C86386F4B0B /* Pods_SDKSampleApp.framework in Frameworks */ = {isa = PBXBuildFile; fileRef = E5185AF62CE2A6557E6FBC65 /* Pods_SDKSampleApp.framework */; };
/* End PBXBuildFile section */

/* Begin PBXFileReference section */
		331B89BFC1699BE4F7EBE457 /* Pods-SDKSampleApp.release.xcconfig */ = {isa = PBXFileReference; includeInIndex = 1; lastKnownFileType = text.xcconfig; name = "Pods-SDKSampleApp.release.xcconfig"; path = "Pods/Target Support Files/Pods-SDKSampleApp/Pods-SDKSampleApp.release.xcconfig"; sourceTree = "<group>"; };
		45323B956EDFA89C23546249 /* Pods-SDKSampleApp.debug.xcconfig */ = {isa = PBXFileReference; includeInIndex = 1; lastKnownFileType = text.xcconfig; name = "Pods-SDKSampleApp.debug.xcconfig"; path = "Pods/Target Support Files/Pods-SDKSampleApp/Pods-SDKSampleApp.debug.xcconfig"; sourceTree = "<group>"; };
		8EA72D9320723034005115A3 /* SDKSampleApp.app */ = {isa = PBXFileReference; explicitFileType = wrapper.application; includeInIndex = 0; path = SDKSampleApp.app; sourceTree = BUILT_PRODUCTS_DIR; };
		8EA72D9620723034005115A3 /* AppDelegate.swift */ = {isa = PBXFileReference; lastKnownFileType = sourcecode.swift; path = AppDelegate.swift; sourceTree = "<group>"; };
		8EA72D9D20723034005115A3 /* Assets.xcassets */ = {isa = PBXFileReference; lastKnownFileType = folder.assetcatalog; path = Assets.xcassets; sourceTree = "<group>"; };
		8EA72DA020723034005115A3 /* Base */ = {isa = PBXFileReference; lastKnownFileType = file.storyboard; name = Base; path = Base.lproj/LaunchScreen.storyboard; sourceTree = "<group>"; };
		8EA72DA220723034005115A3 /* Info.plist */ = {isa = PBXFileReference; lastKnownFileType = text.plist.xml; path = Info.plist; sourceTree = "<group>"; };
		8EA72E0420723148005115A3 /* LoginViewController.swift */ = {isa = PBXFileReference; fileEncoding = 4; lastKnownFileType = sourcecode.swift; path = LoginViewController.swift; sourceTree = "<group>"; };
		8EA72E062072314E005115A3 /* OpportunitiesViewController.swift */ = {isa = PBXFileReference; fileEncoding = 4; lastKnownFileType = sourcecode.swift; path = OpportunitiesViewController.swift; sourceTree = "<group>"; };
		8EA72E0820723161005115A3 /* Main.storyboard */ = {isa = PBXFileReference; fileEncoding = 4; lastKnownFileType = file.storyboard; path = Main.storyboard; sourceTree = "<group>"; };
		8EA72E9D20723922005115A3 /* ProgressHUD.m */ = {isa = PBXFileReference; fileEncoding = 4; lastKnownFileType = sourcecode.c.objc; path = ProgressHUD.m; sourceTree = "<group>"; };
		8EA72E9E20723922005115A3 /* ProgressHUD.h */ = {isa = PBXFileReference; fileEncoding = 4; lastKnownFileType = sourcecode.c.h; path = ProgressHUD.h; sourceTree = "<group>"; };
		8EA72EA120723940005115A3 /* salesforce_certifcate.cer */ = {isa = PBXFileReference; lastKnownFileType = file; path = salesforce_certifcate.cer; sourceTree = "<group>"; };
		8EA72EA42072398E005115A3 /* SFRestAPIPromisesPresets.swift */ = {isa = PBXFileReference; fileEncoding = 4; lastKnownFileType = sourcecode.swift; path = SFRestAPIPromisesPresets.swift; sourceTree = "<group>"; };
		8EA72EA62072398E005115A3 /* CMDocument.swift */ = {isa = PBXFileReference; fileEncoding = 4; lastKnownFileType = sourcecode.swift; path = CMDocument.swift; sourceTree = "<group>"; };
		8EA72EA72072398E005115A3 /* CMOpportunity.swift */ = {isa = PBXFileReference; fileEncoding = 4; lastKnownFileType = sourcecode.swift; path = CMOpportunity.swift; sourceTree = "<group>"; };
		8EA72EA82072398E005115A3 /* CMAccount.swift */ = {isa = PBXFileReference; fileEncoding = 4; lastKnownFileType = sourcecode.swift; path = CMAccount.swift; sourceTree = "<group>"; };
		8EA72EA92072398E005115A3 /* SFRestAPIExtension.swift */ = {isa = PBXFileReference; fileEncoding = 4; lastKnownFileType = sourcecode.swift; path = SFRestAPIExtension.swift; sourceTree = "<group>"; };
		8EA72EB920723C84005115A3 /* SDKSampleApp-Bridging-Header.h */ = {isa = PBXFileReference; lastKnownFileType = sourcecode.c.h; path = "SDKSampleApp-Bridging-Header.h"; sourceTree = "<group>"; };
		E5185AF62CE2A6557E6FBC65 /* Pods_SDKSampleApp.framework */ = {isa = PBXFileReference; explicitFileType = wrapper.framework; includeInIndex = 0; path = Pods_SDKSampleApp.framework; sourceTree = BUILT_PRODUCTS_DIR; };
/* End PBXFileReference section */

/* Begin PBXFrameworksBuildPhase section */
		8EA72D9020723034005115A3 /* Frameworks */ = {
			isa = PBXFrameworksBuildPhase;
			buildActionMask = 2147483647;
			files = (
				BFCC9D6961F36C86386F4B0B /* Pods_SDKSampleApp.framework in Frameworks */,
			);
			runOnlyForDeploymentPostprocessing = 0;
		};
/* End PBXFrameworksBuildPhase section */

/* Begin PBXGroup section */
		8EA72D8A20723034005115A3 = {
			isa = PBXGroup;
			children = (
				8EA72D9520723034005115A3 /* SDKSampleApp */,
				8EA72DA820723050005115A3 /* Framework */,
				8EA72D9420723034005115A3 /* Products */,
				D849CE9A816A9AEB0EC2CB1F /* Pods */,
				928FE8D195724697EB4DB4F5 /* Frameworks */,
			);
			sourceTree = "<group>";
		};
		8EA72D9420723034005115A3 /* Products */ = {
			isa = PBXGroup;
			children = (
				8EA72D9320723034005115A3 /* SDKSampleApp.app */,
			);
			name = Products;
			sourceTree = "<group>";
		};
		8EA72D9520723034005115A3 /* SDKSampleApp */ = {
			isa = PBXGroup;
			children = (
				8EA72EA32072398E005115A3 /* SalesforceMobileSDKExtensions */,
				8EA72EA020723936005115A3 /* SSL Certificates */,
				8EA72E9C2072390C005115A3 /* Reusable Components */,
				8EA72D9620723034005115A3 /* AppDelegate.swift */,
				8EA72E0420723148005115A3 /* LoginViewController.swift */,
				8EA72E062072314E005115A3 /* OpportunitiesViewController.swift */,
				8EA72E0820723161005115A3 /* Main.storyboard */,
				8EA72D9D20723034005115A3 /* Assets.xcassets */,
				8EA72D9F20723034005115A3 /* LaunchScreen.storyboard */,
				8EA72DA220723034005115A3 /* Info.plist */,
				8EA72EB920723C84005115A3 /* SDKSampleApp-Bridging-Header.h */,
			);
			path = SDKSampleApp;
			sourceTree = "<group>";
		};
		8EA72DA820723050005115A3 /* Framework */ = {
			isa = PBXGroup;
			children = (
			);
			path = Framework;
			sourceTree = "<group>";
		};
		8EA72E9C2072390C005115A3 /* Reusable Components */ = {
			isa = PBXGroup;
			children = (
				8EA72E9E20723922005115A3 /* ProgressHUD.h */,
				8EA72E9D20723922005115A3 /* ProgressHUD.m */,
			);
			path = "Reusable Components";
			sourceTree = "<group>";
		};
		8EA72EA020723936005115A3 /* SSL Certificates */ = {
			isa = PBXGroup;
			children = (
				8EA72EA120723940005115A3 /* salesforce_certifcate.cer */,
			);
			path = "SSL Certificates";
			sourceTree = "<group>";
		};
		8EA72EA32072398E005115A3 /* SalesforceMobileSDKExtensions */ = {
			isa = PBXGroup;
			children = (
				8EA72EA52072398E005115A3 /* Models */,
				8EA72EA92072398E005115A3 /* SFRestAPIExtension.swift */,
				8EA72EA42072398E005115A3 /* SFRestAPIPromisesPresets.swift */,
			);
			path = SalesforceMobileSDKExtensions;
			sourceTree = "<group>";
		};
		8EA72EA52072398E005115A3 /* Models */ = {
			isa = PBXGroup;
			children = (
				8EA72EA62072398E005115A3 /* CMDocument.swift */,
				8EA72EA72072398E005115A3 /* CMOpportunity.swift */,
				8EA72EA82072398E005115A3 /* CMAccount.swift */,
			);
			path = Models;
			sourceTree = "<group>";
		};
		928FE8D195724697EB4DB4F5 /* Frameworks */ = {
			isa = PBXGroup;
			children = (
				E5185AF62CE2A6557E6FBC65 /* Pods_SDKSampleApp.framework */,
			);
			name = Frameworks;
			sourceTree = "<group>";
		};
		D849CE9A816A9AEB0EC2CB1F /* Pods */ = {
			isa = PBXGroup;
			children = (
				45323B956EDFA89C23546249 /* Pods-SDKSampleApp.debug.xcconfig */,
				331B89BFC1699BE4F7EBE457 /* Pods-SDKSampleApp.release.xcconfig */,
			);
			name = Pods;
			sourceTree = "<group>";
		};
/* End PBXGroup section */

/* Begin PBXNativeTarget section */
		8EA72D9220723034005115A3 /* SDKSampleApp */ = {
			isa = PBXNativeTarget;
			buildConfigurationList = 8EA72DA520723034005115A3 /* Build configuration list for PBXNativeTarget "SDKSampleApp" */;
			buildPhases = (
				599ABCCC9C223EFC1507B39B /* [CP] Check Pods Manifest.lock */,
				8EA72D8F20723034005115A3 /* Sources */,
				8EA72D9020723034005115A3 /* Frameworks */,
				8EA72D9120723034005115A3 /* Resources */,
				BF09E9AD0BCAC3BAA9FB6F82 /* [CP] Embed Pods Frameworks */,
				23EC051D56A0B92DABAA11FF /* [CP] Copy Pods Resources */,
			);
			buildRules = (
			);
			dependencies = (
			);
			name = SDKSampleApp;
			productName = SDKSampleApp;
			productReference = 8EA72D9320723034005115A3 /* SDKSampleApp.app */;
			productType = "com.apple.product-type.application";
		};
/* End PBXNativeTarget section */

/* Begin PBXProject section */
		8EA72D8B20723034005115A3 /* Project object */ = {
			isa = PBXProject;
			attributes = {
				LastSwiftUpdateCheck = 0920;
				LastUpgradeCheck = 0920;
				ORGANIZATIONNAME = "Asif Junaid";
				TargetAttributes = {
					8EA72D9220723034005115A3 = {
						CreatedOnToolsVersion = 9.2;
						ProvisioningStyle = Automatic;
					};
				};
			};
			buildConfigurationList = 8EA72D8E20723034005115A3 /* Build configuration list for PBXProject "SDKSampleApp" */;
			compatibilityVersion = "Xcode 8.0";
			developmentRegion = en;
			hasScannedForEncodings = 0;
			knownRegions = (
				en,
				Base,
			);
			mainGroup = 8EA72D8A20723034005115A3;
			productRefGroup = 8EA72D9420723034005115A3 /* Products */;
			projectDirPath = "";
			projectRoot = "";
			targets = (
				8EA72D9220723034005115A3 /* SDKSampleApp */,
			);
		};
/* End PBXProject section */

/* Begin PBXResourcesBuildPhase section */
		8EA72D9120723034005115A3 /* Resources */ = {
			isa = PBXResourcesBuildPhase;
			buildActionMask = 2147483647;
			files = (
				8EA72EBB207241AA005115A3 /* salesforce_certifcate.cer in Resources */,
				8EA72E0920723161005115A3 /* Main.storyboard in Resources */,
				8EA72DA120723034005115A3 /* LaunchScreen.storyboard in Resources */,
				8EA72D9E20723034005115A3 /* Assets.xcassets in Resources */,
			);
			runOnlyForDeploymentPostprocessing = 0;
		};
/* End PBXResourcesBuildPhase section */

/* Begin PBXShellScriptBuildPhase section */
		23EC051D56A0B92DABAA11FF /* [CP] Copy Pods Resources */ = {
			isa = PBXShellScriptBuildPhase;
			buildActionMask = 2147483647;
			files = (
			);
			inputPaths = (
			);
			name = "[CP] Copy Pods Resources";
			outputPaths = (
			);
			runOnlyForDeploymentPostprocessing = 0;
			shellPath = /bin/sh;
			shellScript = "\"${SRCROOT}/Pods/Target Support Files/Pods-SDKSampleApp/Pods-SDKSampleApp-resources.sh\"\n";
			showEnvVarsInLog = 0;
		};
		599ABCCC9C223EFC1507B39B /* [CP] Check Pods Manifest.lock */ = {
			isa = PBXShellScriptBuildPhase;
			buildActionMask = 2147483647;
			files = (
			);
			inputPaths = (
				"${PODS_PODFILE_DIR_PATH}/Podfile.lock",
				"${PODS_ROOT}/Manifest.lock",
			);
			name = "[CP] Check Pods Manifest.lock";
			outputPaths = (
				"$(DERIVED_FILE_DIR)/Pods-SDKSampleApp-checkManifestLockResult.txt",
			);
			runOnlyForDeploymentPostprocessing = 0;
			shellPath = /bin/sh;
			shellScript = "diff \"${PODS_PODFILE_DIR_PATH}/Podfile.lock\" \"${PODS_ROOT}/Manifest.lock\" > /dev/null\nif [ $? != 0 ] ; then\n    # print error to STDERR\n    echo \"error: The sandbox is not in sync with the Podfile.lock. Run 'pod install' or update your CocoaPods installation.\" >&2\n    exit 1\nfi\n# This output is used by Xcode 'outputs' to avoid re-running this script phase.\necho \"SUCCESS\" > \"${SCRIPT_OUTPUT_FILE_0}\"\n";
			showEnvVarsInLog = 0;
		};
		BF09E9AD0BCAC3BAA9FB6F82 /* [CP] Embed Pods Frameworks */ = {
			isa = PBXShellScriptBuildPhase;
			buildActionMask = 2147483647;
			files = (
			);
			inputPaths = (
				"${SRCROOT}/Pods/Target Support Files/Pods-SDKSampleApp/Pods-SDKSampleApp-frameworks.sh",
				"${BUILT_PRODUCTS_DIR}/CocoaLumberjack/CocoaLumberjack.framework",
				"${BUILT_PRODUCTS_DIR}/FMDB/FMDB.framework",
				"${BUILT_PRODUCTS_DIR}/PromiseKit/PromiseKit.framework",
				"${BUILT_PRODUCTS_DIR}/SQLCipher/SQLCipher.framework",
				"${BUILT_PRODUCTS_DIR}/SalesforceAnalytics/SalesforceAnalytics.framework",
				"${BUILT_PRODUCTS_DIR}/SalesforceSDKCore/SalesforceSDKCore.framework",
				"${BUILT_PRODUCTS_DIR}/SalesforceSwiftSDK/SalesforceSwiftSDK.framework",
				"${BUILT_PRODUCTS_DIR}/SmartStore/SmartStore.framework",
				"${BUILT_PRODUCTS_DIR}/SmartSync/SmartSync.framework",
			);
			name = "[CP] Embed Pods Frameworks";
			outputPaths = (
				"${TARGET_BUILD_DIR}/${FRAMEWORKS_FOLDER_PATH}/CocoaLumberjack.framework",
				"${TARGET_BUILD_DIR}/${FRAMEWORKS_FOLDER_PATH}/FMDB.framework",
				"${TARGET_BUILD_DIR}/${FRAMEWORKS_FOLDER_PATH}/PromiseKit.framework",
				"${TARGET_BUILD_DIR}/${FRAMEWORKS_FOLDER_PATH}/SQLCipher.framework",
				"${TARGET_BUILD_DIR}/${FRAMEWORKS_FOLDER_PATH}/SalesforceAnalytics.framework",
				"${TARGET_BUILD_DIR}/${FRAMEWORKS_FOLDER_PATH}/SalesforceSDKCore.framework",
				"${TARGET_BUILD_DIR}/${FRAMEWORKS_FOLDER_PATH}/SalesforceSwiftSDK.framework",
				"${TARGET_BUILD_DIR}/${FRAMEWORKS_FOLDER_PATH}/SmartStore.framework",
				"${TARGET_BUILD_DIR}/${FRAMEWORKS_FOLDER_PATH}/SmartSync.framework",
			);
			runOnlyForDeploymentPostprocessing = 0;
			shellPath = /bin/sh;
			shellScript = "\"${SRCROOT}/Pods/Target Support Files/Pods-SDKSampleApp/Pods-SDKSampleApp-frameworks.sh\"\n";
			showEnvVarsInLog = 0;
		};
/* End PBXShellScriptBuildPhase section */

/* Begin PBXSourcesBuildPhase section */
		8EA72D8F20723034005115A3 /* Sources */ = {
			isa = PBXSourcesBuildPhase;
			buildActionMask = 2147483647;
			files = (
				8EA72E9F20723922005115A3 /* ProgressHUD.m in Sources */,
				8EA72EAA2072398E005115A3 /* SFRestAPIPromisesPresets.swift in Sources */,
				8EA72EAB2072398E005115A3 /* CMDocument.swift in Sources */,
				8EA72E072072314E005115A3 /* OpportunitiesViewController.swift in Sources */,
				8EA72E0520723148005115A3 /* LoginViewController.swift in Sources */,
				8EA72D9720723034005115A3 /* AppDelegate.swift in Sources */,
				8EA72EAC2072398E005115A3 /* CMOpportunity.swift in Sources */,
				8EA72EAD2072398E005115A3 /* CMAccount.swift in Sources */,
				8EA72EAE2072398E005115A3 /* SFRestAPIExtension.swift in Sources */,
			);
			runOnlyForDeploymentPostprocessing = 0;
		};
/* End PBXSourcesBuildPhase section */

/* Begin PBXVariantGroup section */
		8EA72D9F20723034005115A3 /* LaunchScreen.storyboard */ = {
			isa = PBXVariantGroup;
			children = (
				8EA72DA020723034005115A3 /* Base */,
			);
			name = LaunchScreen.storyboard;
			sourceTree = "<group>";
		};
/* End PBXVariantGroup section */

/* Begin XCBuildConfiguration section */
		8EA72DA320723034005115A3 /* Debug */ = {
			isa = XCBuildConfiguration;
			buildSettings = {
				ALWAYS_SEARCH_USER_PATHS = NO;
				CLANG_ANALYZER_NONNULL = YES;
				CLANG_ANALYZER_NUMBER_OBJECT_CONVERSION = YES_AGGRESSIVE;
				CLANG_CXX_LANGUAGE_STANDARD = "gnu++14";
				CLANG_CXX_LIBRARY = "libc++";
				CLANG_ENABLE_MODULES = YES;
				CLANG_ENABLE_OBJC_ARC = YES;
				CLANG_WARN_BLOCK_CAPTURE_AUTORELEASING = YES;
				CLANG_WARN_BOOL_CONVERSION = YES;
				CLANG_WARN_COMMA = YES;
				CLANG_WARN_CONSTANT_CONVERSION = YES;
				CLANG_WARN_DIRECT_OBJC_ISA_USAGE = YES_ERROR;
				CLANG_WARN_DOCUMENTATION_COMMENTS = YES;
				CLANG_WARN_EMPTY_BODY = YES;
				CLANG_WARN_ENUM_CONVERSION = YES;
				CLANG_WARN_INFINITE_RECURSION = YES;
				CLANG_WARN_INT_CONVERSION = YES;
				CLANG_WARN_NON_LITERAL_NULL_CONVERSION = YES;
				CLANG_WARN_OBJC_LITERAL_CONVERSION = YES;
				CLANG_WARN_OBJC_ROOT_CLASS = YES_ERROR;
				CLANG_WARN_RANGE_LOOP_ANALYSIS = YES;
				CLANG_WARN_STRICT_PROTOTYPES = YES;
				CLANG_WARN_SUSPICIOUS_MOVE = YES;
				CLANG_WARN_UNGUARDED_AVAILABILITY = YES_AGGRESSIVE;
				CLANG_WARN_UNREACHABLE_CODE = YES;
				CLANG_WARN__DUPLICATE_METHOD_MATCH = YES;
				CODE_SIGN_IDENTITY = "iPhone Developer";
				COPY_PHASE_STRIP = NO;
				DEBUG_INFORMATION_FORMAT = dwarf;
				ENABLE_STRICT_OBJC_MSGSEND = YES;
				ENABLE_TESTABILITY = YES;
				GCC_C_LANGUAGE_STANDARD = gnu11;
				GCC_DYNAMIC_NO_PIC = NO;
				GCC_NO_COMMON_BLOCKS = YES;
				GCC_OPTIMIZATION_LEVEL = 0;
				GCC_PREPROCESSOR_DEFINITIONS = (
					"DEBUG=1",
					"$(inherited)",
				);
				GCC_WARN_64_TO_32_BIT_CONVERSION = YES;
				GCC_WARN_ABOUT_RETURN_TYPE = YES_ERROR;
				GCC_WARN_UNDECLARED_SELECTOR = YES;
				GCC_WARN_UNINITIALIZED_AUTOS = YES_AGGRESSIVE;
				GCC_WARN_UNUSED_FUNCTION = YES;
				GCC_WARN_UNUSED_VARIABLE = YES;
				IPHONEOS_DEPLOYMENT_TARGET = 11.2;
				MTL_ENABLE_DEBUG_INFO = YES;
				ONLY_ACTIVE_ARCH = YES;
				SDKROOT = iphoneos;
				SWIFT_ACTIVE_COMPILATION_CONDITIONS = DEBUG;
				SWIFT_OPTIMIZATION_LEVEL = "-Onone";
			};
			name = Debug;
		};
		8EA72DA420723034005115A3 /* Release */ = {
			isa = XCBuildConfiguration;
			buildSettings = {
				ALWAYS_SEARCH_USER_PATHS = NO;
				CLANG_ANALYZER_NONNULL = YES;
				CLANG_ANALYZER_NUMBER_OBJECT_CONVERSION = YES_AGGRESSIVE;
				CLANG_CXX_LANGUAGE_STANDARD = "gnu++14";
				CLANG_CXX_LIBRARY = "libc++";
				CLANG_ENABLE_MODULES = YES;
				CLANG_ENABLE_OBJC_ARC = YES;
				CLANG_WARN_BLOCK_CAPTURE_AUTORELEASING = YES;
				CLANG_WARN_BOOL_CONVERSION = YES;
				CLANG_WARN_COMMA = YES;
				CLANG_WARN_CONSTANT_CONVERSION = YES;
				CLANG_WARN_DIRECT_OBJC_ISA_USAGE = YES_ERROR;
				CLANG_WARN_DOCUMENTATION_COMMENTS = YES;
				CLANG_WARN_EMPTY_BODY = YES;
				CLANG_WARN_ENUM_CONVERSION = YES;
				CLANG_WARN_INFINITE_RECURSION = YES;
				CLANG_WARN_INT_CONVERSION = YES;
				CLANG_WARN_NON_LITERAL_NULL_CONVERSION = YES;
				CLANG_WARN_OBJC_LITERAL_CONVERSION = YES;
				CLANG_WARN_OBJC_ROOT_CLASS = YES_ERROR;
				CLANG_WARN_RANGE_LOOP_ANALYSIS = YES;
				CLANG_WARN_STRICT_PROTOTYPES = YES;
				CLANG_WARN_SUSPICIOUS_MOVE = YES;
				CLANG_WARN_UNGUARDED_AVAILABILITY = YES_AGGRESSIVE;
				CLANG_WARN_UNREACHABLE_CODE = YES;
				CLANG_WARN__DUPLICATE_METHOD_MATCH = YES;
				CODE_SIGN_IDENTITY = "iPhone Developer";
				COPY_PHASE_STRIP = NO;
				DEBUG_INFORMATION_FORMAT = "dwarf-with-dsym";
				ENABLE_NS_ASSERTIONS = NO;
				ENABLE_STRICT_OBJC_MSGSEND = YES;
				GCC_C_LANGUAGE_STANDARD = gnu11;
				GCC_NO_COMMON_BLOCKS = YES;
				GCC_WARN_64_TO_32_BIT_CONVERSION = YES;
				GCC_WARN_ABOUT_RETURN_TYPE = YES_ERROR;
				GCC_WARN_UNDECLARED_SELECTOR = YES;
				GCC_WARN_UNINITIALIZED_AUTOS = YES_AGGRESSIVE;
				GCC_WARN_UNUSED_FUNCTION = YES;
				GCC_WARN_UNUSED_VARIABLE = YES;
				IPHONEOS_DEPLOYMENT_TARGET = 11.2;
				MTL_ENABLE_DEBUG_INFO = NO;
				SDKROOT = iphoneos;
				SWIFT_OPTIMIZATION_LEVEL = "-Owholemodule";
				VALIDATE_PRODUCT = YES;
			};
			name = Release;
		};
		8EA72DA620723034005115A3 /* Debug */ = {
			isa = XCBuildConfiguration;
			baseConfigurationReference = 45323B956EDFA89C23546249 /* Pods-SDKSampleApp.debug.xcconfig */;
			buildSettings = {
				ASSETCATALOG_COMPILER_APPICON_NAME = AppIcon;
				CODE_SIGN_STYLE = Automatic;
				DEVELOPMENT_TEAM = BML7Y29427;
				INFOPLIST_FILE = SDKSampleApp/Info.plist;
				LD_RUNPATH_SEARCH_PATHS = "$(inherited) @executable_path/Frameworks";
				PRODUCT_BUNDLE_IDENTIFIER = com.nsi.SDKSampleApp;
				PRODUCT_NAME = "$(TARGET_NAME)";
				SWIFT_OBJC_BRIDGING_HEADER = "SDKSampleApp/SDKSampleApp-Bridging-Header.h";
				SWIFT_VERSION = 4.0;
				TARGETED_DEVICE_FAMILY = "1,2";
			};
			name = Debug;
		};
		8EA72DA720723034005115A3 /* Release */ = {
			isa = XCBuildConfiguration;
			baseConfigurationReference = 331B89BFC1699BE4F7EBE457 /* Pods-SDKSampleApp.release.xcconfig */;
			buildSettings = {
				ASSETCATALOG_COMPILER_APPICON_NAME = AppIcon;
				CODE_SIGN_STYLE = Automatic;
				DEVELOPMENT_TEAM = BML7Y29427;
				INFOPLIST_FILE = SDKSampleApp/Info.plist;
				LD_RUNPATH_SEARCH_PATHS = "$(inherited) @executable_path/Frameworks";
				PRODUCT_BUNDLE_IDENTIFIER = com.nsi.SDKSampleApp;
				PRODUCT_NAME = "$(TARGET_NAME)";
				SWIFT_OBJC_BRIDGING_HEADER = "SDKSampleApp/SDKSampleApp-Bridging-Header.h";
				SWIFT_VERSION = 4.0;
				TARGETED_DEVICE_FAMILY = "1,2";
			};
			name = Release;
		};
/* End XCBuildConfiguration section */

/* Begin XCConfigurationList section */
		8EA72D8E20723034005115A3 /* Build configuration list for PBXProject "SDKSampleApp" */ = {
			isa = XCConfigurationList;
			buildConfigurations = (
				8EA72DA320723034005115A3 /* Debug */,
				8EA72DA420723034005115A3 /* Release */,
			);
			defaultConfigurationIsVisible = 0;
			defaultConfigurationName = Release;
		};
		8EA72DA520723034005115A3 /* Build configuration list for PBXNativeTarget "SDKSampleApp" */ = {
			isa = XCConfigurationList;
			buildConfigurations = (
				8EA72DA620723034005115A3 /* Debug */,
				8EA72DA720723034005115A3 /* Release */,
			);
			defaultConfigurationIsVisible = 0;
			defaultConfigurationName = Release;
		};
/* End XCConfigurationList section */
	};
	rootObject = 8EA72D8B20723034005115A3 /* Project object */;
}
